
Microsoft Visual Studio Solution File, Format Version 12.00
# Visual Studio Version 16
VisualStudioVersion = 16.0.31005.135
MinimumVisualStudioVersion = 10.0.40219.1
Project("{2150E333-8FDC-42A3-9474-1A3956D46DE8}") = "Conditional operators", "Conditional operators", "{400D293C-26C8-48E4-995B-8357C15C1340}"
EndProject
Project("{2150E333-8FDC-42A3-9474-1A3956D46DE8}") = "Loops", "Loops", "{181755C2-0F2D-4C32-BD2A-5A5B031E7690}"
EndProject
Project("{2150E333-8FDC-42A3-9474-1A3956D46DE8}") = "Functions", "Functions", "{93C07EC2-FDA2-4775-95C6-E684D79D840D}"
EndProject
Project("{2150E333-8FDC-42A3-9474-1A3956D46DE8}") = "Arrays", "Arrays", "{2B2E4B20-E354-463D-9382-A309A4F2DF39}"
EndProject
Project("{9A19103F-16F7-4668-BE54-9A1E7A4F7556}") = "Program1", "Program1\Program1.csproj", "{58932476-29AF-4E82-AF15-EE025273BA8A}"
EndProject
Project("{9A19103F-16F7-4668-BE54-9A1E7A4F7556}") = "Program2", "Program2\Program2.csproj", "{5D5C5E76-206F-4092-B57D-1C8FC2EFBC44}"
EndProject
Project("{9A19103F-16F7-4668-BE54-9A1E7A4F7556}") = "Program3", "Program3\Program3.csproj", "{967E4376-2527-44B7-9A70-31D99EED0602}"
EndProject
Project("{9A19103F-16F7-4668-BE54-9A1E7A4F7556}") = "Program4", "Program4\Program4.csproj", "{C0D3030A-C134-424E-A635-194C997BA469}"
EndProject
Project("{9A19103F-16F7-4668-BE54-9A1E7A4F7556}") = "Program5", "Program5\Program5.csproj", "{97B81FE3-5665-4748-AEE2-C80D90B90FAE}"
EndProject
Project("{9A19103F-16F7-4668-BE54-9A1E7A4F7556}") = "Program6", "Program6\Program6.csproj", "{4D490639-BF40-4197-BB1E-34D6E3304183}"
EndProject
Project("{9A19103F-16F7-4668-BE54-9A1E7A4F7556}") = "Program7", "Program7\Program7.csproj", "{B2B5B0DF-3F7C-4411-9A0A-0DECEB5D9AAF}"
EndProject
Project("{9A19103F-16F7-4668-BE54-9A1E7A4F7556}") = "Program8", "Program8\Program8.csproj", "{7B1496BA-A94C-487F-892D-EF6E34E62786}"
EndProject
Project("{9A19103F-16F7-4668-BE54-9A1E7A4F7556}") = "Program9", "Program9\Program9.csproj", "{D3928F78-0F98-4DFC-9D4B-BF0A2799FCA1}"
EndProject
Project("{9A19103F-16F7-4668-BE54-9A1E7A4F7556}") = "Program10", "Program10\Program10.csproj", "{A4BCE0D8-D697-4AB5-9881-7E39316132A1}"
EndProject
Project("{9A19103F-16F7-4668-BE54-9A1E7A4F7556}") = "ConOp1", "ConOp1\ConOp1.csproj", "{162082AE-A566-4286-8B43-8A73E5ACA33D}"
EndProject
Project("{9A19103F-16F7-4668-BE54-9A1E7A4F7556}") = "ConOp2", "ConOp2\ConOp2.csproj", "{C71C48EC-04DF-4140-A413-68D83C95D7F0}"
EndProject
Project("{9A19103F-16F7-4668-BE54-9A1E7A4F7556}") = "ConOp3", "ConOp3\ConOp3.csproj", "{6C80B9A5-A04E-434F-9192-B5FA24B9A2B8}"
EndProject
Project("{9A19103F-16F7-4668-BE54-9A1E7A4F7556}") = "ConOp4", "ConOp4\ConOp4.csproj", "{5321B7A9-BFD7-4D1A-BB53-1F083C4D187D}"
EndProject
Project("{9A19103F-16F7-4668-BE54-9A1E7A4F7556}") = "ConOp5", "ConOp5\ConOp5.csproj", "{F0880823-FA25-4EA0-93DF-4C826AE94F09}"
EndProject
Project("{9A19103F-16F7-4668-BE54-9A1E7A4F7556}") = "Func1", "Func1\Func1.csproj", "{9F78F227-2FBA-4117-993E-59CF888842FE}"
EndProject
Project("{9A19103F-16F7-4668-BE54-9A1E7A4F7556}") = "Func2", "Func2\Func2.csproj", "{8B1CC36D-011A-44D3-AA7F-BFE26B9B431D}"
EndProject
Project("{9A19103F-16F7-4668-BE54-9A1E7A4F7556}") = "Func3", "Func3\Func3.csproj", "{AEC173FC-F096-46C9-83B0-FB6ED52E29BF}"
EndProject
Project("{9A19103F-16F7-4668-BE54-9A1E7A4F7556}") = "Func5", "Func5\Func5.csproj", "{0E0C835F-7BAE-498B-B6C3-3BE9CBACEB36}"
EndProject
Project("{9A19103F-16F7-4668-BE54-9A1E7A4F7556}") = "Func6", "Func6\Func6.csproj", "{A11417A1-9056-45AD-A906-1FB2248761B9}"
EndProject
Project("{9A19103F-16F7-4668-BE54-9A1E7A4F7556}") = "Loops1", "Loops1\Loops1.csproj", "{D776E27A-CE4A-4849-85ED-FFF008A121EC}"
EndProject
Project("{9A19103F-16F7-4668-BE54-9A1E7A4F7556}") = "Loops2", "Loops2\Loops2.csproj", "{0FC19630-4C36-4699-8631-3E715C90926E}"
EndProject
Project("{9A19103F-16F7-4668-BE54-9A1E7A4F7556}") = "Loops3", "Loops3\Loops3.csproj", "{5A06F7B4-3605-4F33-8D6A-44E80246CE78}"
EndProject
Project("{9A19103F-16F7-4668-BE54-9A1E7A4F7556}") = "Loops4", "Loops4\Loops4.csproj", "{31548933-5858-41D4-B3CF-8E41D17F563B}"
EndProject
Project("{9A19103F-16F7-4668-BE54-9A1E7A4F7556}") = "Loops5", "Loops5\Loops5.csproj", "{71237B61-6FD3-4DBC-B1F4-B99C65BF233F}"
EndProject
Project("{9A19103F-16F7-4668-BE54-9A1E7A4F7556}") = "Loops6", "Loops6\Loops6.csproj", "{56B5DD20-26C6-4FA3-880C-7A2FF6A17E5D}"
EndProject
Project("{9A19103F-16F7-4668-BE54-9A1E7A4F7556}") = "Func4", "Func4\Func4.csproj", "{C7B8765D-2360-4168-BAAD-DF6B9B0967A5}"
EndProject
Project("{2150E333-8FDC-42A3-9474-1A3956D46DE8}") = "Solution Items", "Solution Items", "{7AF0EDCC-D297-4152-803B-453EAC64B5D4}"
	ProjectSection(SolutionItems) = preProject
		.editorconfig = .editorconfig
	EndProjectSection
EndProject
Global
	GlobalSection(SolutionConfigurationPlatforms) = preSolution
		Debug|Any CPU = Debug|Any CPU
		Release|Any CPU = Release|Any CPU
	EndGlobalSection
	GlobalSection(ProjectConfigurationPlatforms) = postSolution
		{58932476-29AF-4E82-AF15-EE025273BA8A}.Debug|Any CPU.ActiveCfg = Debug|Any CPU
		{58932476-29AF-4E82-AF15-EE025273BA8A}.Debug|Any CPU.Build.0 = Debug|Any CPU
		{58932476-29AF-4E82-AF15-EE025273BA8A}.Release|Any CPU.ActiveCfg = Release|Any CPU
		{58932476-29AF-4E82-AF15-EE025273BA8A}.Release|Any CPU.Build.0 = Release|Any CPU
		{5D5C5E76-206F-4092-B57D-1C8FC2EFBC44}.Debug|Any CPU.ActiveCfg = Debug|Any CPU
		{5D5C5E76-206F-4092-B57D-1C8FC2EFBC44}.Debug|Any CPU.Build.0 = Debug|Any CPU
		{5D5C5E76-206F-4092-B57D-1C8FC2EFBC44}.Release|Any CPU.ActiveCfg = Release|Any CPU
		{5D5C5E76-206F-4092-B57D-1C8FC2EFBC44}.Release|Any CPU.Build.0 = Release|Any CPU
		{967E4376-2527-44B7-9A70-31D99EED0602}.Debug|Any CPU.ActiveCfg = Debug|Any CPU
		{967E4376-2527-44B7-9A70-31D99EED0602}.Debug|Any CPU.Build.0 = Debug|Any CPU
		{967E4376-2527-44B7-9A70-31D99EED0602}.Release|Any CPU.ActiveCfg = Release|Any CPU
		{967E4376-2527-44B7-9A70-31D99EED0602}.Release|Any CPU.Build.0 = Release|Any CPU
		{C0D3030A-C134-424E-A635-194C997BA469}.Debug|Any CPU.ActiveCfg = Debug|Any CPU
		{C0D3030A-C134-424E-A635-194C997BA469}.Debug|Any CPU.Build.0 = Debug|Any CPU
		{C0D3030A-C134-424E-A635-194C997BA469}.Release|Any CPU.ActiveCfg = Release|Any CPU
		{C0D3030A-C134-424E-A635-194C997BA469}.Release|Any CPU.Build.0 = Release|Any CPU
		{97B81FE3-5665-4748-AEE2-C80D90B90FAE}.Debug|Any CPU.ActiveCfg = Debug|Any CPU
		{97B81FE3-5665-4748-AEE2-C80D90B90FAE}.Debug|Any CPU.Build.0 = Debug|Any CPU
		{97B81FE3-5665-4748-AEE2-C80D90B90FAE}.Release|Any CPU.ActiveCfg = Release|Any CPU
		{97B81FE3-5665-4748-AEE2-C80D90B90FAE}.Release|Any CPU.Build.0 = Release|Any CPU
		{4D490639-BF40-4197-BB1E-34D6E3304183}.Debug|Any CPU.ActiveCfg = Debug|Any CPU
		{4D490639-BF40-4197-BB1E-34D6E3304183}.Debug|Any CPU.Build.0 = Debug|Any CPU
		{4D490639-BF40-4197-BB1E-34D6E3304183}.Release|Any CPU.ActiveCfg = Release|Any CPU
		{4D490639-BF40-4197-BB1E-34D6E3304183}.Release|Any CPU.Build.0 = Release|Any CPU
		{B2B5B0DF-3F7C-4411-9A0A-0DECEB5D9AAF}.Debug|Any CPU.ActiveCfg = Debug|Any CPU
		{B2B5B0DF-3F7C-4411-9A0A-0DECEB5D9AAF}.Debug|Any CPU.Build.0 = Debug|Any CPU
		{B2B5B0DF-3F7C-4411-9A0A-0DECEB5D9AAF}.Release|Any CPU.ActiveCfg = Release|Any CPU
		{B2B5B0DF-3F7C-4411-9A0A-0DECEB5D9AAF}.Release|Any CPU.Build.0 = Release|Any CPU
		{7B1496BA-A94C-487F-892D-EF6E34E62786}.Debug|Any CPU.ActiveCfg = Debug|Any CPU
		{7B1496BA-A94C-487F-892D-EF6E34E62786}.Debug|Any CPU.Build.0 = Debug|Any CPU
		{7B1496BA-A94C-487F-892D-EF6E34E62786}.Release|Any CPU.ActiveCfg = Release|Any CPU
		{7B1496BA-A94C-487F-892D-EF6E34E62786}.Release|Any CPU.Build.0 = Release|Any CPU
		{D3928F78-0F98-4DFC-9D4B-BF0A2799FCA1}.Debug|Any CPU.ActiveCfg = Debug|Any CPU
		{D3928F78-0F98-4DFC-9D4B-BF0A2799FCA1}.Debug|Any CPU.Build.0 = Debug|Any CPU
		{D3928F78-0F98-4DFC-9D4B-BF0A2799FCA1}.Release|Any CPU.ActiveCfg = Release|Any CPU
		{D3928F78-0F98-4DFC-9D4B-BF0A2799FCA1}.Release|Any CPU.Build.0 = Release|Any CPU
		{A4BCE0D8-D697-4AB5-9881-7E39316132A1}.Debug|Any CPU.ActiveCfg = Debug|Any CPU
		{A4BCE0D8-D697-4AB5-9881-7E39316132A1}.Debug|Any CPU.Build.0 = Debug|Any CPU
		{A4BCE0D8-D697-4AB5-9881-7E39316132A1}.Release|Any CPU.ActiveCfg = Release|Any CPU
		{A4BCE0D8-D697-4AB5-9881-7E39316132A1}.Release|Any CPU.Build.0 = Release|Any CPU
		{162082AE-A566-4286-8B43-8A73E5ACA33D}.Debug|Any CPU.ActiveCfg = Debug|Any CPU
		{162082AE-A566-4286-8B43-8A73E5ACA33D}.Debug|Any CPU.Build.0 = Debug|Any CPU
		{162082AE-A566-4286-8B43-8A73E5ACA33D}.Release|Any CPU.ActiveCfg = Release|Any CPU
		{162082AE-A566-4286-8B43-8A73E5ACA33D}.Release|Any CPU.Build.0 = Release|Any CPU
		{C71C48EC-04DF-4140-A413-68D83C95D7F0}.Debug|Any CPU.ActiveCfg = Debug|Any CPU
		{C71C48EC-04DF-4140-A413-68D83C95D7F0}.Debug|Any CPU.Build.0 = Debug|Any CPU
		{C71C48EC-04DF-4140-A413-68D83C95D7F0}.Release|Any CPU.ActiveCfg = Release|Any CPU
		{C71C48EC-04DF-4140-A413-68D83C95D7F0}.Release|Any CPU.Build.0 = Release|Any CPU
		{6C80B9A5-A04E-434F-9192-B5FA24B9A2B8}.Debug|Any CPU.ActiveCfg = Debug|Any CPU
		{6C80B9A5-A04E-434F-9192-B5FA24B9A2B8}.Debug|Any CPU.Build.0 = Debug|Any CPU
		{6C80B9A5-A04E-434F-9192-B5FA24B9A2B8}.Release|Any CPU.ActiveCfg = Release|Any CPU
		{6C80B9A5-A04E-434F-9192-B5FA24B9A2B8}.Release|Any CPU.Build.0 = Release|Any CPU
		{5321B7A9-BFD7-4D1A-BB53-1F083C4D187D}.Debug|Any CPU.ActiveCfg = Debug|Any CPU
		{5321B7A9-BFD7-4D1A-BB53-1F083C4D187D}.Debug|Any CPU.Build.0 = Debug|Any CPU
		{5321B7A9-BFD7-4D1A-BB53-1F083C4D187D}.Release|Any CPU.ActiveCfg = Release|Any CPU
		{5321B7A9-BFD7-4D1A-BB53-1F083C4D187D}.Release|Any CPU.Build.0 = Release|Any CPU
		{F0880823-FA25-4EA0-93DF-4C826AE94F09}.Debug|Any CPU.ActiveCfg = Debug|Any CPU
		{F0880823-FA25-4EA0-93DF-4C826AE94F09}.Debug|Any CPU.Build.0 = Debug|Any CPU
		{F0880823-FA25-4EA0-93DF-4C826AE94F09}.Release|Any CPU.ActiveCfg = Release|Any CPU
		{F0880823-FA25-4EA0-93DF-4C826AE94F09}.Release|Any CPU.Build.0 = Release|Any CPU
		{9F78F227-2FBA-4117-993E-59CF888842FE}.Debug|Any CPU.ActiveCfg = Debug|Any CPU
		{9F78F227-2FBA-4117-993E-59CF888842FE}.Debug|Any CPU.Build.0 = Debug|Any CPU
		{9F78F227-2FBA-4117-993E-59CF888842FE}.Release|Any CPU.ActiveCfg = Release|Any CPU
		{9F78F227-2FBA-4117-993E-59CF888842FE}.Release|Any CPU.Build.0 = Release|Any CPU
		{8B1CC36D-011A-44D3-AA7F-BFE26B9B431D}.Debug|Any CPU.ActiveCfg = Debug|Any CPU
		{8B1CC36D-011A-44D3-AA7F-BFE26B9B431D}.Debug|Any CPU.Build.0 = Debug|Any CPU
		{8B1CC36D-011A-44D3-AA7F-BFE26B9B431D}.Release|Any CPU.ActiveCfg = Release|Any CPU
		{8B1CC36D-011A-44D3-AA7F-BFE26B9B431D}.Release|Any CPU.Build.0 = Release|Any CPU
		{AEC173FC-F096-46C9-83B0-FB6ED52E29BF}.Debug|Any CPU.ActiveCfg = Debug|Any CPU
		{AEC173FC-F096-46C9-83B0-FB6ED52E29BF}.Debug|Any CPU.Build.0 = Debug|Any CPU
		{AEC173FC-F096-46C9-83B0-FB6ED52E29BF}.Release|Any CPU.ActiveCfg = Release|Any CPU
		{AEC173FC-F096-46C9-83B0-FB6ED52E29BF}.Release|Any CPU.Build.0 = Release|Any CPU
		{0E0C835F-7BAE-498B-B6C3-3BE9CBACEB36}.Debug|Any CPU.ActiveCfg = Debug|Any CPU
		{0E0C835F-7BAE-498B-B6C3-3BE9CBACEB36}.Debug|Any CPU.Build.0 = Debug|Any CPU
		{0E0C835F-7BAE-498B-B6C3-3BE9CBACEB36}.Release|Any CPU.ActiveCfg = Release|Any CPU
		{0E0C835F-7BAE-498B-B6C3-3BE9CBACEB36}.Release|Any CPU.Build.0 = Release|Any CPU
		{A11417A1-9056-45AD-A906-1FB2248761B9}.Debug|Any CPU.ActiveCfg = Debug|Any CPU
		{A11417A1-9056-45AD-A906-1FB2248761B9}.Debug|Any CPU.Build.0 = Debug|Any CPU
		{A11417A1-9056-45AD-A906-1FB2248761B9}.Release|Any CPU.ActiveCfg = Release|Any CPU
		{A11417A1-9056-45AD-A906-1FB2248761B9}.Release|Any CPU.Build.0 = Release|Any CPU
		{D776E27A-CE4A-4849-85ED-FFF008A121EC}.Debug|Any CPU.ActiveCfg = Debug|Any CPU
		{D776E27A-CE4A-4849-85ED-FFF008A121EC}.Debug|Any CPU.Build.0 = Debug|Any CPU
		{D776E27A-CE4A-4849-85ED-FFF008A121EC}.Release|Any CPU.ActiveCfg = Release|Any CPU
		{D776E27A-CE4A-4849-85ED-FFF008A121EC}.Release|Any CPU.Build.0 = Release|Any CPU
		{0FC19630-4C36-4699-8631-3E715C90926E}.Debug|Any CPU.ActiveCfg = Debug|Any CPU
		{0FC19630-4C36-4699-8631-3E715C90926E}.Debug|Any CPU.Build.0 = Debug|Any CPU
		{0FC19630-4C36-4699-8631-3E715C90926E}.Release|Any CPU.ActiveCfg = Release|Any CPU
		{0FC19630-4C36-4699-8631-3E715C90926E}.Release|Any CPU.Build.0 = Release|Any CPU
		{5A06F7B4-3605-4F33-8D6A-44E80246CE78}.Debug|Any CPU.ActiveCfg = Debug|Any CPU
		{5A06F7B4-3605-4F33-8D6A-44E80246CE78}.Debug|Any CPU.Build.0 = Debug|Any CPU
		{5A06F7B4-3605-4F33-8D6A-44E80246CE78}.Release|Any CPU.ActiveCfg = Release|Any CPU
		{5A06F7B4-3605-4F33-8D6A-44E80246CE78}.Release|Any CPU.Build.0 = Release|Any CPU
		{31548933-5858-41D4-B3CF-8E41D17F563B}.Debug|Any CPU.ActiveCfg = Debug|Any CPU
		{31548933-5858-41D4-B3CF-8E41D17F563B}.Debug|Any CPU.Build.0 = Debug|Any CPU
		{31548933-5858-41D4-B3CF-8E41D17F563B}.Release|Any CPU.ActiveCfg = Release|Any CPU
		{31548933-5858-41D4-B3CF-8E41D17F563B}.Release|Any CPU.Build.0 = Release|Any CPU
		{71237B61-6FD3-4DBC-B1F4-B99C65BF233F}.Debug|Any CPU.ActiveCfg = Debug|Any CPU
		{71237B61-6FD3-4DBC-B1F4-B99C65BF233F}.Debug|Any CPU.Build.0 = Debug|Any CPU
		{71237B61-6FD3-4DBC-B1F4-B99C65BF233F}.Release|Any CPU.ActiveCfg = Release|Any CPU
		{71237B61-6FD3-4DBC-B1F4-B99C65BF233F}.Release|Any CPU.Build.0 = Release|Any CPU
		{56B5DD20-26C6-4FA3-880C-7A2FF6A17E5D}.Debug|Any CPU.ActiveCfg = Debug|Any CPU
		{56B5DD20-26C6-4FA3-880C-7A2FF6A17E5D}.Debug|Any CPU.Build.0 = Debug|Any CPU
		{56B5DD20-26C6-4FA3-880C-7A2FF6A17E5D}.Release|Any CPU.ActiveCfg = Release|Any CPU
		{56B5DD20-26C6-4FA3-880C-7A2FF6A17E5D}.Release|Any CPU.Build.0 = Release|Any CPU
		{C7B8765D-2360-4168-BAAD-DF6B9B0967A5}.Debug|Any CPU.ActiveCfg = Debug|Any CPU
		{C7B8765D-2360-4168-BAAD-DF6B9B0967A5}.Debug|Any CPU.Build.0 = Debug|Any CPU
		{C7B8765D-2360-4168-BAAD-DF6B9B0967A5}.Release|Any CPU.ActiveCfg = Release|Any CPU
		{C7B8765D-2360-4168-BAAD-DF6B9B0967A5}.Release|Any CPU.Build.0 = Release|Any CPU
	EndGlobalSection
	GlobalSection(SolutionProperties) = preSolution
		HideSolutionNode = FALSE
	EndGlobalSection
	GlobalSection(NestedProjects) = preSolution
		{58932476-29AF-4E82-AF15-EE025273BA8A} = {2B2E4B20-E354-463D-9382-A309A4F2DF39}
		{5D5C5E76-206F-4092-B57D-1C8FC2EFBC44} = {2B2E4B20-E354-463D-9382-A309A4F2DF39}
		{967E4376-2527-44B7-9A70-31D99EED0602} = {2B2E4B20-E354-463D-9382-A309A4F2DF39}
		{C0D3030A-C134-424E-A635-194C997BA469} = {2B2E4B20-E354-463D-9382-A309A4F2DF39}
		{97B81FE3-5665-4748-AEE2-C80D90B90FAE} = {2B2E4B20-E354-463D-9382-A309A4F2DF39}
		{4D490639-BF40-4197-BB1E-34D6E3304183} = {2B2E4B20-E354-463D-9382-A309A4F2DF39}
		{B2B5B0DF-3F7C-4411-9A0A-0DECEB5D9AAF} = {2B2E4B20-E354-463D-9382-A309A4F2DF39}
		{7B1496BA-A94C-487F-892D-EF6E34E62786} = {2B2E4B20-E354-463D-9382-A309A4F2DF39}
		{D3928F78-0F98-4DFC-9D4B-BF0A2799FCA1} = {2B2E4B20-E354-463D-9382-A309A4F2DF39}
		{A4BCE0D8-D697-4AB5-9881-7E39316132A1} = {2B2E4B20-E354-463D-9382-A309A4F2DF39}
		{162082AE-A566-4286-8B43-8A73E5ACA33D} = {400D293C-26C8-48E4-995B-8357C15C1340}
		{C71C48EC-04DF-4140-A413-68D83C95D7F0} = {400D293C-26C8-48E4-995B-8357C15C1340}
		{6C80B9A5-A04E-434F-9192-B5FA24B9A2B8} = {400D293C-26C8-48E4-995B-8357C15C1340}
		{5321B7A9-BFD7-4D1A-BB53-1F083C4D187D} = {400D293C-26C8-48E4-995B-8357C15C1340}
		{F0880823-FA25-4EA0-93DF-4C826AE94F09} = {400D293C-26C8-48E4-995B-8357C15C1340}
		{9F78F227-2FBA-4117-993E-59CF888842FE} = {93C07EC2-FDA2-4775-95C6-E684D79D840D}
		{8B1CC36D-011A-44D3-AA7F-BFE26B9B431D} = {93C07EC2-FDA2-4775-95C6-E684D79D840D}
		{AEC173FC-F096-46C9-83B0-FB6ED52E29BF} = {93C07EC2-FDA2-4775-95C6-E684D79D840D}
		{0E0C835F-7BAE-498B-B6C3-3BE9CBACEB36} = {93C07EC2-FDA2-4775-95C6-E684D79D840D}
		{A11417A1-9056-45AD-A906-1FB2248761B9} = {93C07EC2-FDA2-4775-95C6-E684D79D840D}
		{D776E27A-CE4A-4849-85ED-FFF008A121EC} = {181755C2-0F2D-4C32-BD2A-5A5B031E7690}
		{0FC19630-4C36-4699-8631-3E715C90926E} = {181755C2-0F2D-4C32-BD2A-5A5B031E7690}
		{5A06F7B4-3605-4F33-8D6A-44E80246CE78} = {181755C2-0F2D-4C32-BD2A-5A5B031E7690}
		{31548933-5858-41D4-B3CF-8E41D17F563B} = {181755C2-0F2D-4C32-BD2A-5A5B031E7690}
		{71237B61-6FD3-4DBC-B1F4-B99C65BF233F} = {181755C2-0F2D-4C32-BD2A-5A5B031E7690}
		{56B5DD20-26C6-4FA3-880C-7A2FF6A17E5D} = {181755C2-0F2D-4C32-BD2A-5A5B031E7690}
		{C7B8765D-2360-4168-BAAD-DF6B9B0967A5} = {93C07EC2-FDA2-4775-95C6-E684D79D840D}
	EndGlobalSection
	GlobalSection(ExtensibilityGlobals) = postSolution
		SolutionGuid = {C7D3CB7B-2509-428E-B551-326380F030CD}
	EndGlobalSection
EndGlobal
